{
  "name": "simple-draw",
  "version": "1.0.0",
  "lockfileVersion": 1,
  "requires": true,
  "dependencies": {
    "jquery": {
      "version": "3.3.1",
      "resolved": "https://registry.npmjs.org/jquery/-/jquery-3.3.1.tgz",
      "integrity": "sha512-Ubldcmxp5np52/ENotGxlLe6aGMvmF4R8S6tZjsP6Knsaxd/xp3Zrh50cG93lR6nPXyUFwzN3ZSOQI0wRJNdGg=="
    },
    "js-base64": {
      "version": "2.4.8",
      "resolved": "https://registry.npmjs.org/js-base64/-/js-base64-2.4.8.tgz",
      "integrity": "sha512-hm2nYpDrwoO/OzBhdcqs/XGT6XjSuSSCVEpia+Kl2J6x4CYt5hISlVL/AYU1khoDXv0AQVgxtdJySb9gjAn56Q=="
    },
    "paper": {
      "version": "0.11.5",
      "resolved": "https://registry.npmjs.org/paper/-/paper-0.11.5.tgz",
      "integrity": "sha512-nvzLB10Ll0gE6MZ7lMOTiJMGVuwF1iGSTGkndCxIs6aar8TQnjxlgYMGP3IkuKpIE9mJ4Op5VTquyroB4BDK6Q=="
    }
  }
}
